
Microsoft Visual Studio Solution File, Format Version 12.00
# Visual Studio Version 17
VisualStudioVersion = 17.14.36109.1
MinimumVisualStudioVersion = 10.0.40219.1
Project("{FAE04EC0-301F-11D3-BF4B-00C04F79EFBC}") = "Shopping.Client", "Shopping.Client\Shopping.Client.csproj", "{21253079-C8A3-48E1-81CF-646879796A12}"
EndProject
Project("{FAE04EC0-301F-11D3-BF4B-00C04F79EFBC}") = "Shopping.API", "Shopping.API\Shopping.API.csproj", "{BB3C084E-FEFA-45E3-A1F6-9280AD0E57FD}"
EndProject
Project("{E53339B2-1760-4266-BCC7-CA923CBCF16C}") = "docker-compose", "docker-compose.dcproj", "{81DDED9D-158B-E303-5F62-77A2896D2A5A}"
EndProject
Global
	GlobalSection(SolutionConfigurationPlatforms) = preSolution
		Debug|Any CPU = Debug|Any CPU
		Release|Any CPU = Release|Any CPU
	EndGlobalSection
	GlobalSection(ProjectConfigurationPlatforms) = postSolution
		{21253079-C8A3-48E1-81CF-646879796A12}.Debug|Any CPU.ActiveCfg = Debug|Any CPU
		{21253079-C8A3-48E1-81CF-646879796A12}.Debug|Any CPU.Build.0 = Debug|Any CPU
		{21253079-C8A3-48E1-81CF-646879796A12}.Release|Any CPU.ActiveCfg = Release|Any CPU
		{21253079-C8A3-48E1-81CF-646879796A12}.Release|Any CPU.Build.0 = Release|Any CPU
		{BB3C084E-FEFA-45E3-A1F6-9280AD0E57FD}.Debug|Any CPU.ActiveCfg = Debug|Any CPU
		{BB3C084E-FEFA-45E3-A1F6-9280AD0E57FD}.Debug|Any CPU.Build.0 = Debug|Any CPU
		{BB3C084E-FEFA-45E3-A1F6-9280AD0E57FD}.Release|Any CPU.ActiveCfg = Release|Any CPU
		{BB3C084E-FEFA-45E3-A1F6-9280AD0E57FD}.Release|Any CPU.Build.0 = Release|Any CPU
		{81DDED9D-158B-E303-5F62-77A2896D2A5A}.Debug|Any CPU.ActiveCfg = Debug|Any CPU
		{81DDED9D-158B-E303-5F62-77A2896D2A5A}.Debug|Any CPU.Build.0 = Debug|Any CPU
		{81DDED9D-158B-E303-5F62-77A2896D2A5A}.Release|Any CPU.ActiveCfg = Release|Any CPU
		{81DDED9D-158B-E303-5F62-77A2896D2A5A}.Release|Any CPU.Build.0 = Release|Any CPU
	EndGlobalSection
	GlobalSection(SolutionProperties) = preSolution
		HideSolutionNode = FALSE
	EndGlobalSection
	GlobalSection(ExtensibilityGlobals) = postSolution
		SolutionGuid = {5C5C3655-81BF-420E-8F92-9DD96EEC4B15}
	EndGlobalSection
EndGlobal
